
Microsoft Visual Studio Solution File, Format Version 12.00
# Visual Studio Version 17
VisualStudioVersion = 17.8.34525.116
MinimumVisualStudioVersion = 10.0.40219.1
Project("{FAE04EC0-301F-11D3-BF4B-00C04F79EFBC}") = "BrokenAuthenticationSample", "BrokenAuthenticationSample.csproj", "{BE7F6340-DCFA-4CBC-8796-6185832218F9}"
EndProject
Global
	GlobalSection(SolutionConfigurationPlatforms) = preSolution
		Debug|Any CPU = Debug|Any CPU
		Release|Any CPU = Release|Any CPU
	EndGlobalSection
	GlobalSection(ProjectConfigurationPlatforms) = postSolution
		{BE7F6340-DCFA-4CBC-8796-6185832218F9}.Debug|Any CPU.ActiveCfg = Debug|Any CPU
		{BE7F6340-DCFA-4CBC-8796-6185832218F9}.Debug|Any CPU.Build.0 = Debug|Any CPU
		{BE7F6340-DCFA-4CBC-8796-6185832218F9}.Release|Any CPU.ActiveCfg = Release|Any CPU
		{BE7F6340-DCFA-4CBC-8796-6185832218F9}.Release|Any CPU.Build.0 = Release|Any CPU
	EndGlobalSection
	GlobalSection(SolutionProperties) = preSolution
		HideSolutionNode = FALSE
	EndGlobalSection
	GlobalSection(ExtensibilityGlobals) = postSolution
		SolutionGuid = {08634876-ECED-42C6-ABD9-FA00AC0EDED2}
	EndGlobalSection
EndGlobal
